
Microsoft Visual Studio Solution File, Format Version 12.00
# Visual Studio Version 17
VisualStudioVersion = 17.4.33205.214
MinimumVisualStudioVersion = 10.0.40219.1
Project("{FAE04EC0-301F-11D3-BF4B-00C04F79EFBC}") = "Register_Login_JwtIdentity", "Register_Login_JwtIdentity\Register_Login_JwtIdentity.csproj", "{27C07C04-722F-4671-B15D-DD5156DCF48A}"
EndProject
Global
	GlobalSection(SolutionConfigurationPlatforms) = preSolution
		Debug|Any CPU = Debug|Any CPU
		Release|Any CPU = Release|Any CPU
	EndGlobalSection
	GlobalSection(ProjectConfigurationPlatforms) = postSolution
		{27C07C04-722F-4671-B15D-DD5156DCF48A}.Debug|Any CPU.ActiveCfg = Debug|Any CPU
		{27C07C04-722F-4671-B15D-DD5156DCF48A}.Debug|Any CPU.Build.0 = Debug|Any CPU
		{27C07C04-722F-4671-B15D-DD5156DCF48A}.Release|Any CPU.ActiveCfg = Release|Any CPU
		{27C07C04-722F-4671-B15D-DD5156DCF48A}.Release|Any CPU.Build.0 = Release|Any CPU
	EndGlobalSection
	GlobalSection(SolutionProperties) = preSolution
		HideSolutionNode = FALSE
	EndGlobalSection
	GlobalSection(ExtensibilityGlobals) = postSolution
		SolutionGuid = {B4467292-6A21-4892-AA74-3EBA45B6683A}
	EndGlobalSection
EndGlobal
